{
	"requires": true,
	"lockfileVersion": 1,
	"dependencies": {
		"@types/history": {
			"version": "4.7.2",
			"resolved": "http://registry.m.jd.com/@types/history/download/@types/history-4.7.2.tgz",
			"integrity": "sha1-DmcOolTVWSQbbus4lPh1SZHnMiA="
		},
		"@types/lodash": {
			"version": "4.14.117",
			"resolved": "http://registry.m.jd.com/@types/lodash/download/@types/lodash-4.14.117.tgz",
			"integrity": "sha1-aVp/UUGCdxoeD0NF0YkFLuM8h3g="
		},
		"arr-diff": {
			"version": "2.0.0",
			"resolved": "http://registry.m.jd.com/arr-diff/download/arr-diff-2.0.0.tgz",
			"integrity": "sha1-jzuCf5Vai9ZpaX5KQlasPOrjVs8=",
			"requires": {
				"arr-flatten": "^1.0.1"
			}
		},
		"arr-flatten": {
			"version": "1.1.0",
			"resolved": "http://registry.m.jd.com/arr-flatten/download/arr-flatten-1.1.0.tgz",
			"integrity": "sha1-NgSLv/TntH4TZkQxbJlmnqWukfE="
		},
		"arr-union": {
			"version": "3.1.0",
			"resolved": "http://registry.m.jd.com/arr-union/download/arr-union-3.1.0.tgz",
			"integrity": "sha1-45sJrqne+Gao8gbiiK9jkZuuOcQ="
		},
		"array-unique": {
			"version": "0.2.1",
			"resolved": "http://registry.m.jd.com/array-unique/download/array-unique-0.2.1.tgz",
			"integrity": "sha1-odl8yvy8JiXMcPrc6zalDFiwGlM="
		},
		"async-array-reduce": {
			"version": "0.2.1",
			"resolved": "http://registry.m.jd.com/async-array-reduce/download/async-array-reduce-0.2.1.tgz",
			"integrity": "sha1-yL4BCitc0A3qlsgRFgNGk9/dgtE="
		},
		"balanced-match": {
			"version": "1.0.0",
			"resolved": "http://registry.m.jd.com/balanced-match/download/balanced-match-1.0.0.tgz",
			"integrity": "sha1-ibTRmasr7kneFk6gK4nORi1xt2c="
		},
		"brace-expansion": {
			"version": "1.1.11",
			"resolved": "http://registry.m.jd.com/brace-expansion/download/brace-expansion-1.1.11.tgz",
			"integrity": "sha1-PH/L9SnYcibz0vUrlm/1Jx60Qd0=",
			"requires": {
				"balanced-match": "^1.0.0",
				"concat-map": "0.0.1"
			}
		},
		"braces": {
			"version": "1.8.5",
			"resolved": "http://registry.m.jd.com/braces/download/braces-1.8.5.tgz",
			"integrity": "sha1-uneWLhLf+WnWt2cR6RS3N4V79qc=",
			"requires": {
				"expand-range": "^1.8.1",
				"preserve": "^0.2.0",
				"repeat-element": "^1.1.2"
			}
		},
		"bs-logger": {
			"version": "0.2.5",
			"resolved": "http://registry.m.jd.com/bs-logger/download/bs-logger-0.2.5.tgz",
			"integrity": "sha1-HYLwz4iGThNBzZJiI3+NB0ikmyI=",
			"requires": {
				"fast-json-stable-stringify": "^2.0.0"
			}
		},
		"buffer-from": {
			"version": "1.1.1",
			"resolved": "http://registry.m.jd.com/buffer-from/download/buffer-from-1.1.1.tgz",
			"integrity": "sha1-MnE7wCj3XAL9txDXx7zsHyxgcO8="
		},
		"camelcase": {
			"version": "4.1.0",
			"resolved": "http://registry.m.jd.com/camelcase/download/camelcase-4.1.0.tgz",
			"integrity": "sha1-1UVjW+HjPFQmScaRc+Xeas+uNN0="
		},
		"concat-map": {
			"version": "0.0.1",
			"resolved": "http://registry.m.jd.com/concat-map/download/concat-map-0.0.1.tgz",
			"integrity": "sha1-2Klr13/Wjfd5OnMDajug1UBdR3s="
		},
		"estree-walker": {
			"version": "0.5.2",
			"resolved": "http://registry.m.jd.com/estree-walker/download/estree-walker-0.5.2.tgz",
			"integrity": "sha1-04UL51KclYDYFWALUxJlFeFG3Tk="
		},
		"expand-brackets": {
			"version": "0.1.5",
			"resolved": "http://registry.m.jd.com/expand-brackets/download/expand-brackets-0.1.5.tgz",
			"integrity": "sha1-3wcoTjQqgHzXM6xa9yQR5YHRF3s=",
			"requires": {
				"is-posix-bracket": "^0.1.0"
			}
		},
		"expand-range": {
			"version": "1.8.2",
			"resolved": "http://registry.m.jd.com/expand-range/download/expand-range-1.8.2.tgz",
			"integrity": "sha1-opnv/TNf4nIeuujiV+x5ZE/IUzc=",
			"requires": {
				"fill-range": "^2.1.0"
			}
		},
		"expand-tilde": {
			"version": "1.2.2",
			"resolved": "http://registry.m.jd.com/expand-tilde/download/expand-tilde-1.2.2.tgz",
			"integrity": "sha1-C4HrqJflo9MdHD0QL48BRB5VlEk=",
			"requires": {
				"os-homedir": "^1.0.1"
			}
		},
		"extend-shallow": {
			"version": "2.0.1",
			"resolved": "http://registry.m.jd.com/extend-shallow/download/extend-shallow-2.0.1.tgz",
			"integrity": "sha1-Ua99YUrZqfYQ6huvu5idaxxWiQ8=",
			"requires": {
				"is-extendable": "^0.1.0"
			}
		},
		"extglob": {
			"version": "0.3.2",
			"resolved": "http://registry.m.jd.com/extglob/download/extglob-0.3.2.tgz",
			"integrity": "sha1-Lhj/PS9JqydlzskCPwEdqo2DSaE=",
			"requires": {
				"is-extglob": "^1.0.0"
			}
		},
		"fast-json-stable-stringify": {
			"version": "2.0.0",
			"resolved": "http://registry.m.jd.com/fast-json-stable-stringify/download/fast-json-stable-stringify-2.0.0.tgz",
			"integrity": "sha1-1RQsDK7msRifh9OnYREGT4bIu/I="
		},
		"filename-regex": {
			"version": "2.0.1",
			"resolved": "http://registry.m.jd.com/filename-regex/download/filename-regex-2.0.1.tgz",
			"integrity": "sha1-wcS5vuPglyXdsQa3XB4wH+LxiyY="
		},
		"fill-range": {
			"version": "2.2.4",
			"resolved": "http://registry.m.jd.com/fill-range/download/fill-range-2.2.4.tgz",
			"integrity": "sha1-6x53OrsFbc2N8r/favWbizqTZWU=",
			"requires": {
				"is-number": "^2.1.0",
				"isobject": "^2.0.0",
				"randomatic": "^3.0.0",
				"repeat-element": "^1.1.2",
				"repeat-string": "^1.5.2"
			}
		},
		"for-in": {
			"version": "1.0.2",
			"resolved": "http://registry.m.jd.com/for-in/download/for-in-1.0.2.tgz",
			"integrity": "sha1-gQaNKVqBQuwKxybG4iAMMPttXoA="
		},
		"for-own": {
			"version": "0.1.5",
			"resolved": "http://registry.m.jd.com/for-own/download/for-own-0.1.5.tgz",
			"integrity": "sha1-UmXGgaTylNq78XyVCbZ2OqhFEM4=",
			"requires": {
				"for-in": "^1.0.1"
			}
		},
		"fs-exists-sync": {
			"version": "0.1.0",
			"resolved": "http://registry.m.jd.com/fs-exists-sync/download/fs-exists-sync-0.1.0.tgz",
			"integrity": "sha1-mC1ok6+RjnLQjeyehnP/K1qNat0="
		},
		"fs.realpath": {
			"version": "1.0.0",
			"resolved": "http://registry.m.jd.com/fs.realpath/download/fs.realpath-1.0.0.tgz",
			"integrity": "sha1-FQStJSMVjKpA20onh8sBQRmU6k8="
		},
		"glob": {
			"version": "7.1.3",
			"resolved": "http://registry.m.jd.com/glob/download/glob-7.1.3.tgz",
			"integrity": "sha1-OWCDLT8VdBCDQtr9OmezMsCWnfE=",
			"requires": {
				"fs.realpath": "^1.0.0",
				"inflight": "^1.0.4",
				"inherits": "2",
				"minimatch": "^3.0.4",
				"once": "^1.3.0",
				"path-is-absolute": "^1.0.0"
			}
		},
		"glob-base": {
			"version": "0.3.0",
			"resolved": "http://registry.m.jd.com/glob-base/download/glob-base-0.3.0.tgz",
			"integrity": "sha1-27Fk9iIbHAscz4Kuoyi0l98Oo8Q=",
			"requires": {
				"glob-parent": "^2.0.0",
				"is-glob": "^2.0.0"
			}
		},
		"glob-parent": {
			"version": "2.0.0",
			"resolved": "http://registry.m.jd.com/glob-parent/download/glob-parent-2.0.0.tgz",
			"integrity": "sha1-gTg9ctsFT8zPUzbaqQLxgvbtuyg=",
			"requires": {
				"is-glob": "^2.0.0"
			}
		},
		"global-modules": {
			"version": "0.2.3",
			"resolved": "http://registry.m.jd.com/global-modules/download/global-modules-0.2.3.tgz",
			"integrity": "sha1-6lo77ULG1s6ZWk+KEmm12uIjgo0=",
			"requires": {
				"global-prefix": "^0.1.4",
				"is-windows": "^0.2.0"
			}
		},
		"global-prefix": {
			"version": "0.1.5",
			"resolved": "http://registry.m.jd.com/global-prefix/download/global-prefix-0.1.5.tgz",
			"integrity": "sha1-jTvGuNo8qBEqFg2NSW/wRiv+948=",
			"requires": {
				"homedir-polyfill": "^1.0.0",
				"ini": "^1.3.4",
				"is-windows": "^0.2.0",
				"which": "^1.2.12"
			}
		},
		"has-glob": {
			"version": "0.1.1",
			"resolved": "http://registry.m.jd.com/has-glob/download/has-glob-0.1.1.tgz",
			"integrity": "sha1-omHEwqbGZ+DHe3AKfyl8Oe86pYk=",
			"requires": {
				"is-glob": "^2.0.1"
			}
		},
		"homedir-polyfill": {
			"version": "1.0.1",
			"resolved": "http://registry.m.jd.com/homedir-polyfill/download/homedir-polyfill-1.0.1.tgz",
			"integrity": "sha1-TCu8inWJmP7r9e1oWA921GdotLw=",
			"requires": {
				"parse-passwd": "^1.0.0"
			}
		},
		"inflight": {
			"version": "1.0.6",
			"resolved": "http://registry.m.jd.com/inflight/download/inflight-1.0.6.tgz",
			"integrity": "sha1-Sb1jMdfQLQwJvJEKEHW6gWW1bfk=",
			"requires": {
				"once": "^1.3.0",
				"wrappy": "1"
			}
		},
		"inherits": {
			"version": "2.0.3",
			"resolved": "http://registry.m.jd.com/inherits/download/inherits-2.0.3.tgz",
			"integrity": "sha1-Yzwsg+PaQqUC9SRmAiSA9CCCYd4="
		},
		"ini": {
			"version": "1.3.5",
			"resolved": "http://registry.m.jd.com/ini/download/ini-1.3.5.tgz",
			"integrity": "sha1-7uJfVtscnsYIXgwid4CD9Zar+Sc="
		},
		"invariant": {
			"version": "2.2.4",
			"resolved": "http://registry.m.jd.com/invariant/download/invariant-2.2.4.tgz",
			"integrity": "sha1-YQ88ksk1nOHbYW5TgAjSP/NRWOY=",
			"requires": {
				"loose-envify": "^1.0.0"
			}
		},
		"is-buffer": {
			"version": "1.1.6",
			"resolved": "http://registry.m.jd.com/is-buffer/download/is-buffer-1.1.6.tgz",
			"integrity": "sha1-76ouqdqg16suoTqXsritUf776L4="
		},
		"is-dotfile": {
			"version": "1.0.3",
			"resolved": "http://registry.m.jd.com/is-dotfile/download/is-dotfile-1.0.3.tgz",
			"integrity": "sha1-pqLzL/0t+wT1yiXs0Pa4PPeYoeE="
		},
		"is-equal-shallow": {
			"version": "0.1.3",
			"resolved": "http://registry.m.jd.com/is-equal-shallow/download/is-equal-shallow-0.1.3.tgz",
			"integrity": "sha1-IjgJj8Ih3gvPpdnqxMRdY4qhxTQ=",
			"requires": {
				"is-primitive": "^2.0.0"
			}
		},
		"is-extendable": {
			"version": "0.1.1",
			"resolved": "http://registry.m.jd.com/is-extendable/download/is-extendable-0.1.1.tgz",
			"integrity": "sha1-YrEQ4omkcUGOPsNqYX1HLjAd/Ik="
		},
		"is-extglob": {
			"version": "1.0.0",
			"resolved": "http://registry.m.jd.com/is-extglob/download/is-extglob-1.0.0.tgz",
			"integrity": "sha1-rEaBd8SUNAWgkvyPKXYMb/xiBsA="
		},
		"is-glob": {
			"version": "2.0.1",
			"resolved": "http://registry.m.jd.com/is-glob/download/is-glob-2.0.1.tgz",
			"integrity": "sha1-0Jb5JqPe1WAPP9/ZEZjLCIjC2GM=",
			"requires": {
				"is-extglob": "^1.0.0"
			}
		},
		"is-number": {
			"version": "2.1.0",
			"resolved": "http://registry.m.jd.com/is-number/download/is-number-2.1.0.tgz",
			"integrity": "sha1-Afy7s5NGOlSPL0ZszhbezknbkI8=",
			"requires": {
				"kind-of": "^3.0.2"
			}
		},
		"is-posix-bracket": {
			"version": "0.1.1",
			"resolved": "http://registry.m.jd.com/is-posix-bracket/download/is-posix-bracket-0.1.1.tgz",
			"integrity": "sha1-MzTceXdDaOkvAW5vvAqI9c1ua8Q="
		},
		"is-primitive": {
			"version": "2.0.0",
			"resolved": "http://registry.m.jd.com/is-primitive/download/is-primitive-2.0.0.tgz",
			"integrity": "sha1-IHurkWOEmcB7Kt8kCkGochADRXU="
		},
		"is-valid-glob": {
			"version": "0.3.0",
			"resolved": "http://registry.m.jd.com/is-valid-glob/download/is-valid-glob-0.3.0.tgz",
			"integrity": "sha1-1LVcafUYhvm2XHDWwmItN+KfSP4="
		},
		"is-windows": {
			"version": "0.2.0",
			"resolved": "http://registry.m.jd.com/is-windows/download/is-windows-0.2.0.tgz",
			"integrity": "sha1-3hqm1j6indJIc3tp8f+LgALSEIw="
		},
		"isarray": {
			"version": "1.0.0",
			"resolved": "http://registry.m.jd.com/isarray/download/isarray-1.0.0.tgz",
			"integrity": "sha1-u5NdSFgsuhaMBoNJV6VKPgcSTxE="
		},
		"isexe": {
			"version": "2.0.0",
			"resolved": "http://registry.m.jd.com/isexe/download/isexe-2.0.0.tgz",
			"integrity": "sha1-6PvzdNxVb/iUehDcsFctYz8s+hA="
		},
		"isobject": {
			"version": "2.1.0",
			"resolved": "http://registry.m.jd.com/isobject/download/isobject-2.1.0.tgz",
			"integrity": "sha1-8GVWEJaj8dou9GJy+BXIQNh+DIk=",
			"requires": {
				"isarray": "1.0.0"
			}
		},
		"js-tokens": {
			"version": "4.0.0",
			"resolved": "http://registry.m.jd.com/js-tokens/download/js-tokens-4.0.0.tgz",
			"integrity": "sha1-GSA/tZmR35jjoocFDUZHzerzJJk="
		},
		"kind-of": {
			"version": "3.2.2",
			"resolved": "http://registry.m.jd.com/kind-of/download/kind-of-3.2.2.tgz",
			"integrity": "sha1-MeohpzS6ubuw8yRm2JOupR5KPGQ=",
			"requires": {
				"is-buffer": "^1.1.5"
			}
		},
		"lazy-cache": {
			"version": "2.0.2",
			"resolved": "http://registry.m.jd.com/lazy-cache/download/lazy-cache-2.0.2.tgz",
			"integrity": "sha1-uRkKT5EzVGlIQIWfio9whNiCImQ=",
			"requires": {
				"set-getter": "^0.1.0"
			}
		},
		"lodash": {
			"version": "4.17.11",
			"resolved": "http://registry.m.jd.com/lodash/download/lodash-4.17.11.tgz",
			"integrity": "sha1-s56mIp72B+zYniyN8SU2iRysm40="
		},
		"loose-envify": {
			"version": "1.4.0",
			"resolved": "http://registry.m.jd.com/loose-envify/download/loose-envify-1.4.0.tgz",
			"integrity": "sha1-ce5R+nvkyuwaY4OffmgtgTLTDK8=",
			"requires": {
				"js-tokens": "^3.0.0 || ^4.0.0"
			}
		},
		"magic-string": {
			"version": "0.25.1",
			"resolved": "http://registry.m.jd.com/magic-string/download/magic-string-0.25.1.tgz",
			"integrity": "sha1-scJIs5nNdIXaD+c4XC/HARhDJm4=",
			"requires": {
				"sourcemap-codec": "^1.4.1"
			}
		},
		"make-error": {
			"version": "1.3.5",
			"resolved": "http://registry.m.jd.com/make-error/download/make-error-1.3.5.tgz",
			"integrity": "sha1-7+ToH22yjK3WBccPKcgxtY73dsg="
		},
		"matched": {
			"version": "0.4.4",
			"resolved": "http://registry.m.jd.com/matched/download/matched-0.4.4.tgz",
			"integrity": "sha1-Vte36xgDPwz5vFLrIJD6x9weifo=",
			"requires": {
				"arr-union": "^3.1.0",
				"async-array-reduce": "^0.2.0",
				"extend-shallow": "^2.0.1",
				"fs-exists-sync": "^0.1.0",
				"glob": "^7.0.5",
				"has-glob": "^0.1.1",
				"is-valid-glob": "^0.3.0",
				"lazy-cache": "^2.0.1",
				"resolve-dir": "^0.1.0"
			}
		},
		"math-random": {
			"version": "1.0.1",
			"resolved": "http://registry.m.jd.com/math-random/download/math-random-1.0.1.tgz",
			"integrity": "sha1-izqsWIuKZuSXXjzepn97sylgH6w="
		},
		"micromatch": {
			"version": "2.3.11",
			"resolved": "http://registry.m.jd.com/micromatch/download/micromatch-2.3.11.tgz",
			"integrity": "sha1-hmd8l9FyCzY0MdBNDRUpO9OMFWU=",
			"requires": {
				"arr-diff": "^2.0.0",
				"array-unique": "^0.2.1",
				"braces": "^1.8.2",
				"expand-brackets": "^0.1.4",
				"extglob": "^0.3.1",
				"filename-regex": "^2.0.0",
				"is-extglob": "^1.0.0",
				"is-glob": "^2.0.1",
				"kind-of": "^3.0.2",
				"normalize-path": "^2.0.1",
				"object.omit": "^2.0.0",
				"parse-glob": "^3.0.4",
				"regex-cache": "^0.4.2"
			}
		},
		"minimatch": {
			"version": "3.0.4",
			"resolved": "http://registry.m.jd.com/minimatch/download/minimatch-3.0.4.tgz",
			"integrity": "sha1-UWbihkV/AzBgZL5Ul+jbsMPTIIM=",
			"requires": {
				"brace-expansion": "^1.1.7"
			}
		},
		"minimist": {
			"version": "0.0.8",
			"resolved": "http://registry.m.jd.com/minimist/download/minimist-0.0.8.tgz",
			"integrity": "sha1-hX/Kv8M5fSYluCKCYuhqp6ARsF0="
		},
		"mkdirp": {
			"version": "0.5.1",
			"resolved": "http://registry.m.jd.com/mkdirp/download/mkdirp-0.5.1.tgz",
			"integrity": "sha1-MAV0OOrGz3+MR2fzhkjWaX11yQM=",
			"requires": {
				"minimist": "0.0.8"
			}
		},
		"nerv-shared": {
			"version": "1.3.2",
			"resolved": "http://registry.m.jd.com/nerv-shared/download/nerv-shared-1.3.2.tgz",
			"integrity": "sha1-o4nC3M41lAV3AJ6dqatjtf+wamE="
		},
		"nerv-utils": {
			"version": "1.3.2-beta.0",
			"resolved": "http://registry.m.jd.com/nerv-utils/download/nerv-utils-1.3.2-beta.0.tgz",
			"integrity": "sha1-/3dr+srwWMj4cyrey5k9tk7RQ3g="
		},
		"nervjs": {
			"version": "1.3.3",
			"resolved": "http://registry.m.jd.com/nervjs/download/nervjs-1.3.3.tgz",
			"integrity": "sha1-uc82FFLIr5t4GiZzUyzrszNk4js=",
			"requires": {
				"nerv-shared": "1.3.2",
				"nerv-utils": "1.3.2-beta.0"
			}
		},
		"normalize-path": {
			"version": "2.1.1",
			"resolved": "http://registry.m.jd.com/normalize-path/download/normalize-path-2.1.1.tgz",
			"integrity": "sha1-GrKLVW4Zg2Oowab35vogE3/mrtk=",
			"requires": {
				"remove-trailing-separator": "^1.0.1"
			}
		},
		"object.omit": {
			"version": "2.0.1",
			"resolved": "http://registry.m.jd.com/object.omit/download/object.omit-2.0.1.tgz",
			"integrity": "sha1-Gpx0SCnznbuFjHbKNXmuKlTr0fo=",
			"requires": {
				"for-own": "^0.1.4",
				"is-extendable": "^0.1.1"
			}
		},
		"once": {
			"version": "1.4.0",
			"resolved": "http://registry.m.jd.com/once/download/once-1.4.0.tgz",
			"integrity": "sha1-WDsap3WWHUsROsF9nFC6753Xa9E=",
			"requires": {
				"wrappy": "1"
			}
		},
		"os-homedir": {
			"version": "1.0.2",
			"resolved": "http://registry.m.jd.com/os-homedir/download/os-homedir-1.0.2.tgz",
			"integrity": "sha1-/7xJiDNuDoM94MFox+8VISGqf7M="
		},
		"parse-glob": {
			"version": "3.0.4",
			"resolved": "http://registry.m.jd.com/parse-glob/download/parse-glob-3.0.4.tgz",
			"integrity": "sha1-ssN2z7EfNVE7rdFz7wu246OIORw=",
			"requires": {
				"glob-base": "^0.3.0",
				"is-dotfile": "^1.0.0",
				"is-extglob": "^1.0.0",
				"is-glob": "^2.0.0"
			}
		},
		"parse-passwd": {
			"version": "1.0.0",
			"resolved": "http://registry.m.jd.com/parse-passwd/download/parse-passwd-1.0.0.tgz",
			"integrity": "sha1-bVuTSkVpk7I9N/QKOC1vFmao5cY="
		},
		"path-is-absolute": {
			"version": "1.0.1",
			"resolved": "http://registry.m.jd.com/path-is-absolute/download/path-is-absolute-1.0.1.tgz",
			"integrity": "sha1-F0uSaHNVNP+8es5r9TpanhtcX18="
		},
		"path-parse": {
			"version": "1.0.6",
			"resolved": "http://registry.m.jd.com/path-parse/download/path-parse-1.0.6.tgz",
			"integrity": "sha1-1i27VnlAXXLEc37FhgDp3c8G0kw="
		},
		"preserve": {
			"version": "0.2.0",
			"resolved": "http://registry.m.jd.com/preserve/download/preserve-0.2.0.tgz",
			"integrity": "sha1-gV7R9uvGWSb4ZbMQwHE7yzMVzks="
		},
		"randomatic": {
			"version": "3.1.0",
			"resolved": "http://registry.m.jd.com/randomatic/download/randomatic-3.1.0.tgz",
			"integrity": "sha1-NvLKcI6eVn9e0uwBlJAm1QqhARY=",
			"requires": {
				"is-number": "^4.0.0",
				"kind-of": "^6.0.0",
				"math-random": "^1.0.1"
			},
			"dependencies": {
				"is-number": {
					"version": "4.0.0",
					"resolved": "http://registry.m.jd.com/is-number/download/is-number-4.0.0.tgz",
					"integrity": "sha1-ACbjf1RU1z41bf5lZGmYZ8an8P8="
				},
				"kind-of": {
					"version": "6.0.2",
					"resolved": "http://registry.m.jd.com/kind-of/download/kind-of-6.0.2.tgz",
					"integrity": "sha1-ARRrNqYhjmTljzqNZt5df8b20FE="
				}
			}
		},
		"regex-cache": {
			"version": "0.4.4",
			"resolved": "http://registry.m.jd.com/regex-cache/download/regex-cache-0.4.4.tgz",
			"integrity": "sha1-db3FiioUls7EihKDW8VMjVYjNt0=",
			"requires": {
				"is-equal-shallow": "^0.1.3"
			}
		},
		"remove-trailing-separator": {
			"version": "1.1.0",
			"resolved": "http://registry.m.jd.com/remove-trailing-separator/download/remove-trailing-separator-1.1.0.tgz",
			"integrity": "sha1-wkvOKig62tW8P1jg1IJJuSN52O8="
		},
		"repeat-element": {
			"version": "1.1.3",
			"resolved": "http://registry.m.jd.com/repeat-element/download/repeat-element-1.1.3.tgz",
			"integrity": "sha1-eC4NglwMWjuzlzH4Tv7mt0Lmsc4="
		},
		"repeat-string": {
			"version": "1.6.1",
			"resolved": "http://registry.m.jd.com/repeat-string/download/repeat-string-1.6.1.tgz",
			"integrity": "sha1-jcrkcOHIirwtYA//Sndihtp15jc="
		},
		"resolve": {
			"version": "1.8.1",
			"resolved": "http://registry.m.jd.com/resolve/download/resolve-1.8.1.tgz",
			"integrity": "sha1-gvHsGaQjrB+9CAsLqwa6NuhKeiY=",
			"requires": {
				"path-parse": "^1.0.5"
			}
		},
		"resolve-dir": {
			"version": "0.1.1",
			"resolved": "http://registry.m.jd.com/resolve-dir/download/resolve-dir-0.1.1.tgz",
			"integrity": "sha1-shklmlYC+sXFxJatiUpujMQwJh4=",
			"requires": {
				"expand-tilde": "^1.2.2",
				"global-modules": "^0.2.3"
			}
		},
		"resolve-pathname": {
			"version": "2.2.0",
			"resolved": "http://registry.m.jd.com/resolve-pathname/download/resolve-pathname-2.2.0.tgz",
			"integrity": "sha1-fpriHtgV/WOrGJre7mTcgx7vqHk="
		},
		"rollup-plugin-commonjs": {
			"version": "9.2.0",
			"resolved": "http://registry.m.jd.com/rollup-plugin-commonjs/download/rollup-plugin-commonjs-9.2.0.tgz",
			"integrity": "sha1-RgTiUGngx4oJ4I+qldwy3sJ/fIk=",
			"requires": {
				"estree-walker": "^0.5.2",
				"magic-string": "^0.25.1",
				"resolve": "^1.8.1",
				"rollup-pluginutils": "^2.3.3"
			}
		},
		"rollup-plugin-multi-entry": {
			"version": "2.0.2",
			"resolved": "http://registry.m.jd.com/rollup-plugin-multi-entry/download/rollup-plugin-multi-entry-2.0.2.tgz",
			"integrity": "sha1-q1D7q+xiUmcGSSutrdjVnxOeTVg=",
			"requires": {
				"matched": "^0.4.4"
			}
		},
		"rollup-plugin-typescript": {
			"version": "1.0.0",
			"resolved": "http://registry.m.jd.com/rollup-plugin-typescript/download/rollup-plugin-typescript-1.0.0.tgz",
			"integrity": "sha1-97zv5XYBHZ0uvMcltULvNftQBdQ=",
			"requires": {
				"resolve": "^1.8.1",
				"rollup-pluginutils": "^2.3.1"
			}
		},
		"rollup-pluginutils": {
			"version": "2.3.3",
			"resolved": "http://registry.m.jd.com/rollup-pluginutils/download/rollup-pluginutils-2.3.3.tgz",
			"integrity": "sha1-Oq2bHrPn/oJigggYhAvwkeWuZ5Q=",
			"requires": {
				"estree-walker": "^0.5.2",
				"micromatch": "^2.3.11"
			}
		},
		"semver": {
			"version": "5.6.0",
			"resolved": "http://registry.m.jd.com/semver/download/semver-5.6.0.tgz",
			"integrity": "sha1-fnQlb7qknHWqfHogXMInmcrIAAQ="
		},
		"set-getter": {
			"version": "0.1.0",
			"resolved": "http://registry.m.jd.com/set-getter/download/set-getter-0.1.0.tgz",
			"integrity": "sha1-12nBgsnVpR9AkUXy+6guXoboA3Y=",
			"requires": {
				"to-object-path": "^0.3.0"
			}
		},
		"sourcemap-codec": {
			"version": "1.4.3",
			"resolved": "http://registry.m.jd.com/sourcemap-codec/download/sourcemap-codec-1.4.3.tgz",
			"integrity": "sha1-C6YVtz7DURL2PC8tnnw/hygrDjM="
		},
		"to-object-path": {
			"version": "0.3.0",
			"resolved": "http://registry.m.jd.com/to-object-path/download/to-object-path-0.3.0.tgz",
			"integrity": "sha1-KXWIt7Dn4KwI4E5nL4XB9JmeF68=",
			"requires": {
				"kind-of": "^3.0.2"
			}
		},
		"ts-jest": {
			"version": "23.10.4",
			"resolved": "http://registry.m.jd.com/ts-jest/download/ts-jest-23.10.4.tgz",
			"integrity": "sha1-p6lT9VyRZbyqkP+RAUoXjof+Dfg=",
			"requires": {
				"bs-logger": "0.x",
				"buffer-from": "1.x",
				"fast-json-stable-stringify": "2.x",
				"json5": "2.x",
				"make-error": "1.x",
				"mkdirp": "0.x",
				"semver": "^5.5",
				"yargs-parser": "10.x"
			},
			"dependencies": {
				"json5": {
					"version": "2.1.0",
					"resolved": "http://registry.m.jd.com/json5/download/json5-2.1.0.tgz",
					"integrity": "sha1-56DGLEgoXGKNIKELhcibuAfDKFA=",
					"requires": {
						"minimist": "^1.2.0"
					}
				},
				"minimist": {
					"version": "1.2.0",
					"resolved": "http://registry.m.jd.com/minimist/download/minimist-1.2.0.tgz",
					"integrity": "sha1-o1AIsg9BOD7sH7kU9M1d95omQoQ="
				},
				"yargs-parser": {
					"version": "10.1.0",
					"resolved": "http://registry.m.jd.com/yargs-parser/download/yargs-parser-10.1.0.tgz",
					"integrity": "sha1-cgImW4n36eny5XZeD+c1qQXtuqg=",
					"requires": {
						"camelcase": "^4.1.0"
					}
				}
			}
		},
		"tslib": {
			"version": "1.9.3",
			"resolved": "http://registry.m.jd.com/tslib/download/tslib-1.9.3.tgz",
			"integrity": "sha1-1+TdeSRdhUKMTX5IIqeZF5VMooY="
		},
		"typescript": {
			"version": "3.0.3",
			"resolved": "http://registry.m.jd.com/typescript/download/typescript-3.0.3.tgz",
			"integrity": "sha1-SFOz4nXs2qJ/eP2kbcJzp+t/wcg="
		},
		"warning": {
			"version": "4.0.2",
			"resolved": "http://registry.m.jd.com/warning/download/warning-4.0.2.tgz",
			"integrity": "sha1-qmh2SAhyEW+j4R1DSw0NjZHkRgc=",
			"requires": {
				"loose-envify": "^1.0.0"
			}
		},
		"which": {
			"version": "1.3.1",
			"resolved": "http://registry.m.jd.com/which/download/which-1.3.1.tgz",
			"integrity": "sha1-pFBD1U9YBTFtqNYvn1CRjT2nCwo=",
			"requires": {
				"isexe": "^2.0.0"
			}
		},
		"wrappy": {
			"version": "1.0.2",
			"resolved": "http://registry.m.jd.com/wrappy/download/wrappy-1.0.2.tgz",
			"integrity": "sha1-tSQ9jz7BqjXxNkYFvA0QNuMKtp8="
		}
	}
}
